{
  "pins" : [
    {
      "identity" : "wwmetronome",
      "kind" : "remoteSourceControl",
      "location" : "https://github.com/William-Weng/WWMetronome",
      "state" : {
        "branch" : "main",
        "revision" : "67b2e1b1396eef4593bfaa2d0f10749fa8c3b2b7"
      }
    }
  ],
  "version" : 2
}
