{
  "pins" : [
    {
      "identity" : "wwmetronome",
      "kind" : "remoteSourceControl",
      "location" : "https://github.com/William-Weng/WWMetronome",
      "state" : {
        "branch" : "main",
        "revision" : "cb21f327952aa6274afa9d3dca130dd3e7e9b544"
      }
    }
  ],
  "version" : 2
}
